<?xml version="1.0" encoding="utf-8"?>
<Project ToolsVersion="4.0" xmlns="http://schemas.microsoft.com/developer/msbuild/2003">
  <ItemGroup>
    <Filter Include="Source Files">
      <UniqueIdentifier>{1ec641e7-5b58-4136-9b6c-ab0fd8df3e8c}</UniqueIdentifier>
    </Filter>
    <Filter Include="bzip2 1.0.6 Header Files">
      <UniqueIdentifier>{04852ff5-52fc-4758-929d-3c0ef0af2d69}</UniqueIdentifier>
    </Filter>
    <Filter Include="bzip2 1.0.6 Source Files">
      <UniqueIdentifier>{27a24dc3-9589-478a-957a-214e6c8130bc}</UniqueIdentifier>
    </Filter>
  </ItemGroup>
  <ItemGroup>
    <ClCompile Include="..\..\Modules\bz2module.c">
      <Filter>Source Files</Filter>
    </ClCompile>
  </ItemGroup>
</Project>